
Microsoft Visual Studio Solution File, Format Version 12.00
# Visual Studio Version 17
VisualStudioVersion = 17.4.33403.182
MinimumVisualStudioVersion = 10.0.40219.1
Project("{FAE04EC0-301F-11D3-BF4B-00C04F79EFBC}") = "Numeros aleatorios para el proyecto", "Numeros aleatorios para el proyecto\Numeros aleatorios para el proyecto.csproj", "{9055960A-C0CA-4FEC-BB0F-2552978C839D}"
EndProject
Global
	GlobalSection(SolutionConfigurationPlatforms) = preSolution
		Debug|Any CPU = Debug|Any CPU
		Release|Any CPU = Release|Any CPU
	EndGlobalSection
	GlobalSection(ProjectConfigurationPlatforms) = postSolution
		{9055960A-C0CA-4FEC-BB0F-2552978C839D}.Debug|Any CPU.ActiveCfg = Debug|Any CPU
		{9055960A-C0CA-4FEC-BB0F-2552978C839D}.Debug|Any CPU.Build.0 = Debug|Any CPU
		{9055960A-C0CA-4FEC-BB0F-2552978C839D}.Release|Any CPU.ActiveCfg = Release|Any CPU
		{9055960A-C0CA-4FEC-BB0F-2552978C839D}.Release|Any CPU.Build.0 = Release|Any CPU
	EndGlobalSection
	GlobalSection(SolutionProperties) = preSolution
		HideSolutionNode = FALSE
	EndGlobalSection
	GlobalSection(ExtensibilityGlobals) = postSolution
		SolutionGuid = {83B45962-5963-444B-8C9E-415A52E1CD49}
	EndGlobalSection
EndGlobal
